// !$*UTF8*$!
{
	archiveVersion = 1;
	classes = {
	};
	objectVersion = 46;
	objects = {

/* Begin PBXBuildFile section */
		79A565941AD6230B000F8BB9 /* main.m in Sources */ = {isa = PBXBuildFile; fileRef = 79A565931AD6230B000F8BB9 /* main.m */; };
		79A565971AD6230B000F8BB9 /* AppDelegate.m in Sources */ = {isa = PBXBuildFile; fileRef = 79A565961AD6230B000F8BB9 /* AppDelegate.m */; };
		79A5659A1AD6230B000F8BB9 /* ViewController.m in Sources */ = {isa = PBXBuildFile; fileRef = 79A565991AD6230B000F8BB9 /* ViewController.m */; };
		79A5659D1AD6230B000F8BB9 /* Main.storyboard in Resources */ = {isa = PBXBuildFile; fileRef = 79A5659B1AD6230B000F8BB9 /* Main.storyboard */; };
		79A5659F1AD6230B000F8BB9 /* Images.xcassets in Resources */ = {isa = PBXBuildFile; fileRef = 79A5659E1AD6230B000F8BB9 /* Images.xcassets */; };
		79A565A21AD6230B000F8BB9 /* LaunchScreen.xib in Resources */ = {isa = PBXBuildFile; fileRef = 79A565A01AD6230B000F8BB9 /* LaunchScreen.xib */; };
		79A565AE1AD6230B000F8BB9 /* kuaiyoujiaPrjTests.m in Sources */ = {isa = PBXBuildFile; fileRef = 79A565AD1AD6230B000F8BB9 /* kuaiyoujiaPrjTests.m */; };
/* End PBXBuildFile section */

/* Begin PBXContainerItemProxy section */
		79A565A81AD6230B000F8BB9 /* PBXContainerItemProxy */ = {
			isa = PBXContainerItemProxy;
			containerPortal = 79A565861AD6230B000F8BB9 /* Project object */;
			proxyType = 1;
			remoteGlobalIDString = 79A5658D1AD6230B000F8BB9;
			remoteInfo = kuaiyoujiaPrj;
		};
/* End PBXContainerItemProxy section */

/* Begin PBXFileReference section */
		79A5658E1AD6230B000F8BB9 /* kuaiyoujiaPrj.app */ = {isa = PBXFileReference; explicitFileType = wrapper.application; includeInIndex = 0; path = kuaiyoujiaPrj.app; sourceTree = BUILT_PRODUCTS_DIR; };
		79A565921AD6230B000F8BB9 /* Info.plist */ = {isa = PBXFileReference; lastKnownFileType = text.plist.xml; path = Info.plist; sourceTree = "<group>"; };
		79A565931AD6230B000F8BB9 /* main.m */ = {isa = PBXFileReference; lastKnownFileType = sourcecode.c.objc; path = main.m; sourceTree = "<group>"; };
		79A565951AD6230B000F8BB9 /* AppDelegate.h */ = {isa = PBXFileReference; lastKnownFileType = sourcecode.c.h; path = AppDelegate.h; sourceTree = "<group>"; };
		79A565961AD6230B000F8BB9 /* AppDelegate.m */ = {isa = PBXFileReference; lastKnownFileType = sourcecode.c.objc; path = AppDelegate.m; sourceTree = "<group>"; };
		79A565981AD6230B000F8BB9 /* ViewController.h */ = {isa = PBXFileReference; lastKnownFileType = sourcecode.c.h; path = ViewController.h; sourceTree = "<group>"; };
		79A565991AD6230B000F8BB9 /* ViewController.m */ = {isa = PBXFileReference; lastKnownFileType = sourcecode.c.objc; path = ViewController.m; sourceTree = "<group>"; };
		79A5659C1AD6230B000F8BB9 /* Base */ = {isa = PBXFileReference; lastKnownFileType = file.storyboard; name = Base; path = Base.lproj/Main.storyboard; sourceTree = "<group>"; };
		79A5659E1AD6230B000F8BB9 /* Images.xcassets */ = {isa = PBXFileReference; lastKnownFileType = folder.assetcatalog; path = Images.xcassets; sourceTree = "<group>"; };
		79A565A11AD6230B000F8BB9 /* Base */ = {isa = PBXFileReference; lastKnownFileType = file.xib; name = Base; path = Base.lproj/LaunchScreen.xib; sourceTree = "<group>"; };
		79A565A71AD6230B000F8BB9 /* kuaiyoujiaPrjTests.xctest */ = {isa = PBXFileReference; explicitFileType = wrapper.cfbundle; includeInIndex = 0; path = kuaiyoujiaPrjTests.xctest; sourceTree = BUILT_PRODUCTS_DIR; };
		79A565AC1AD6230B000F8BB9 /* Info.plist */ = {isa = PBXFileReference; lastKnownFileType = text.plist.xml; path = Info.plist; sourceTree = "<group>"; };
		79A565AD1AD6230B000F8BB9 /* kuaiyoujiaPrjTests.m */ = {isa = PBXFileReference; lastKnownFileType = sourcecode.c.objc; path = kuaiyoujiaPrjTests.m; sourceTree = "<group>"; };
/* End PBXFileReference section */

/* Begin PBXFrameworksBuildPhase section */
		79A5658B1AD6230B000F8BB9 /* Frameworks */ = {
			isa = PBXFrameworksBuildPhase;
			buildActionMask = 2147483647;
			files = (
			);
			runOnlyForDeploymentPostprocessing = 0;
		};
		79A565A41AD6230B000F8BB9 /* Frameworks */ = {
			isa = PBXFrameworksBuildPhase;
			buildActionMask = 2147483647;
			files = (
			);
			runOnlyForDeploymentPostprocessing = 0;
		};
/* End PBXFrameworksBuildPhase section */

/* Begin PBXGroup section */
		79A565851AD6230A000F8BB9 = {
			isa = PBXGroup;
			children = (
				79A565901AD6230B000F8BB9 /* kuaiyoujiaPrj */,
				79A565AA1AD6230B000F8BB9 /* kuaiyoujiaPrjTests */,
				79A5658F1AD6230B000F8BB9 /* Products */,
			);
			sourceTree = "<group>";
		};
		79A5658F1AD6230B000F8BB9 /* Products */ = {
			isa = PBXGroup;
			children = (
				79A5658E1AD6230B000F8BB9 /* kuaiyoujiaPrj.app */,
				79A565A71AD6230B000F8BB9 /* kuaiyoujiaPrjTests.xctest */,
			);
			name = Products;
			sourceTree = "<group>";
		};
		79A565901AD6230B000F8BB9 /* kuaiyoujiaPrj */ = {
			isa = PBXGroup;
			children = (
				79A565951AD6230B000F8BB9 /* AppDelegate.h */,
				79A565961AD6230B000F8BB9 /* AppDelegate.m */,
				79A565981AD6230B000F8BB9 /* ViewController.h */,
				79A565991AD6230B000F8BB9 /* ViewController.m */,
				79A5659B1AD6230B000F8BB9 /* Main.storyboard */,
				79A5659E1AD6230B000F8BB9 /* Images.xcassets */,
				79A565A01AD6230B000F8BB9 /* LaunchScreen.xib */,
				79A565911AD6230B000F8BB9 /* Supporting Files */,
			);
			path = kuaiyoujiaPrj;
			sourceTree = "<group>";
		};
		79A565911AD6230B000F8BB9 /* Supporting Files */ = {
			isa = PBXGroup;
			children = (
				79A565921AD6230B000F8BB9 /* Info.plist */,
				79A565931AD6230B000F8BB9 /* main.m */,
			);
			name = "Supporting Files";
			sourceTree = "<group>";
		};
		79A565AA1AD6230B000F8BB9 /* kuaiyoujiaPrjTests */ = {
			isa = PBXGroup;
			children = (
				79A565AD1AD6230B000F8BB9 /* kuaiyoujiaPrjTests.m */,
				79A565AB1AD6230B000F8BB9 /* Supporting Files */,
			);
			path = kuaiyoujiaPrjTests;
			sourceTree = "<group>";
		};
		79A565AB1AD6230B000F8BB9 /* Supporting Files */ = {
			isa = PBXGroup;
			children = (
				79A565AC1AD6230B000F8BB9 /* Info.plist */,
			);
			name = "Supporting Files";
			sourceTree = "<group>";
		};
/* End PBXGroup section */

/* Begin PBXNativeTarget section */
		79A5658D1AD6230B000F8BB9 /* kuaiyoujiaPrj */ = {
			isa = PBXNativeTarget;
			buildConfigurationList = 79A565B11AD6230B000F8BB9 /* Build configuration list for PBXNativeTarget "kuaiyoujiaPrj" */;
			buildPhases = (
				79A5658A1AD6230B000F8BB9 /* Sources */,
				79A5658B1AD6230B000F8BB9 /* Frameworks */,
				79A5658C1AD6230B000F8BB9 /* Resources */,
			);
			buildRules = (
			);
			dependencies = (
			);
			name = kuaiyoujiaPrj;
			productName = kuaiyoujiaPrj;
			productReference = 79A5658E1AD6230B000F8BB9 /* kuaiyoujiaPrj.app */;
			productType = "com.apple.product-type.application";
		};
		79A565A61AD6230B000F8BB9 /* kuaiyoujiaPrjTests */ = {
			isa = PBXNativeTarget;
			buildConfigurationList = 79A565B41AD6230B000F8BB9 /* Build configuration list for PBXNativeTarget "kuaiyoujiaPrjTests" */;
			buildPhases = (
				79A565A31AD6230B000F8BB9 /* Sources */,
				79A565A41AD6230B000F8BB9 /* Frameworks */,
				79A565A51AD6230B000F8BB9 /* Resources */,
			);
			buildRules = (
			);
			dependencies = (
				79A565A91AD6230B000F8BB9 /* PBXTargetDependency */,
			);
			name = kuaiyoujiaPrjTests;
			productName = kuaiyoujiaPrjTests;
			productReference = 79A565A71AD6230B000F8BB9 /* kuaiyoujiaPrjTests.xctest */;
			productType = "com.apple.product-type.bundle.unit-test";
		};
/* End PBXNativeTarget section */

/* Begin PBXProject section */
		79A565861AD6230B000F8BB9 /* Project object */ = {
			isa = PBXProject;
			attributes = {
				LastUpgradeCheck = 0610;
				ORGANIZATIONNAME = TTc;
				TargetAttributes = {
					79A5658D1AD6230B000F8BB9 = {
						CreatedOnToolsVersion = 6.1;
					};
					79A565A61AD6230B000F8BB9 = {
						CreatedOnToolsVersion = 6.1;
						TestTargetID = 79A5658D1AD6230B000F8BB9;
					};
				};
			};
			buildConfigurationList = 79A565891AD6230B000F8BB9 /* Build configuration list for PBXProject "kuaiyoujiaPrj" */;
			compatibilityVersion = "Xcode 3.2";
			developmentRegion = English;
			hasScannedForEncodings = 0;
			knownRegions = (
				en,
				Base,
			);
			mainGroup = 79A565851AD6230A000F8BB9;
			productRefGroup = 79A5658F1AD6230B000F8BB9 /* Products */;
			projectDirPath = "";
			projectRoot = "";
			targets = (
				79A5658D1AD6230B000F8BB9 /* kuaiyoujiaPrj */,
				79A565A61AD6230B000F8BB9 /* kuaiyoujiaPrjTests */,
			);
		};
/* End PBXProject section */

/* Begin PBXResourcesBuildPhase section */
		79A5658C1AD6230B000F8BB9 /* Resources */ = {
			isa = PBXResourcesBuildPhase;
			buildActionMask = 2147483647;
			files = (
				79A5659D1AD6230B000F8BB9 /* Main.storyboard in Resources */,
				79A565A21AD6230B000F8BB9 /* LaunchScreen.xib in Resources */,
				79A5659F1AD6230B000F8BB9 /* Images.xcassets in Resources */,
			);
			runOnlyForDeploymentPostprocessing = 0;
		};
		79A565A51AD6230B000F8BB9 /* Resources */ = {
			isa = PBXResourcesBuildPhase;
			buildActionMask = 2147483647;
			files = (
			);
			runOnlyForDeploymentPostprocessing = 0;
		};
/* End PBXResourcesBuildPhase section */

/* Begin PBXSourcesBuildPhase section */
		79A5658A1AD6230B000F8BB9 /* Sources */ = {
			isa = PBXSourcesBuildPhase;
			buildActionMask = 2147483647;
			files = (
				79A5659A1AD6230B000F8BB9 /* ViewController.m in Sources */,
				79A565971AD6230B000F8BB9 /* AppDelegate.m in Sources */,
				79A565941AD6230B000F8BB9 /* main.m in Sources */,
			);
			runOnlyForDeploymentPostprocessing = 0;
		};
		79A565A31AD6230B000F8BB9 /* Sources */ = {
			isa = PBXSourcesBuildPhase;
			buildActionMask = 2147483647;
			files = (
				79A565AE1AD6230B000F8BB9 /* kuaiyoujiaPrjTests.m in Sources */,
			);
			runOnlyForDeploymentPostprocessing = 0;
		};
/* End PBXSourcesBuildPhase section */

/* Begin PBXTargetDependency section */
		79A565A91AD6230B000F8BB9 /* PBXTargetDependency */ = {
			isa = PBXTargetDependency;
			target = 79A5658D1AD6230B000F8BB9 /* kuaiyoujiaPrj */;
			targetProxy = 79A565A81AD6230B000F8BB9 /* PBXContainerItemProxy */;
		};
/* End PBXTargetDependency section */

/* Begin PBXVariantGroup section */
		79A5659B1AD6230B000F8BB9 /* Main.storyboard */ = {
			isa = PBXVariantGroup;
			children = (
				79A5659C1AD6230B000F8BB9 /* Base */,
			);
			name = Main.storyboard;
			sourceTree = "<group>";
		};
		79A565A01AD6230B000F8BB9 /* LaunchScreen.xib */ = {
			isa = PBXVariantGroup;
			children = (
				79A565A11AD6230B000F8BB9 /* Base */,
			);
			name = LaunchScreen.xib;
			sourceTree = "<group>";
		};
/* End PBXVariantGroup section */

/* Begin XCBuildConfiguration section */
		79A565AF1AD6230B000F8BB9 /* Debug */ = {
			isa = XCBuildConfiguration;
			buildSettings = {
				ALWAYS_SEARCH_USER_PATHS = NO;
				CLANG_CXX_LANGUAGE_STANDARD = "gnu++0x";
				CLANG_CXX_LIBRARY = "libc++";
				CLANG_ENABLE_MODULES = YES;
				CLANG_ENABLE_OBJC_ARC = YES;
				CLANG_WARN_BOOL_CONVERSION = YES;
				CLANG_WARN_CONSTANT_CONVERSION = YES;
				CLANG_WARN_DIRECT_OBJC_ISA_USAGE = YES_ERROR;
				CLANG_WARN_EMPTY_BODY = YES;
				CLANG_WARN_ENUM_CONVERSION = YES;
				CLANG_WARN_INT_CONVERSION = YES;
				CLANG_WARN_OBJC_ROOT_CLASS = YES_ERROR;
				CLANG_WARN_UNREACHABLE_CODE = YES;
				CLANG_WARN__DUPLICATE_METHOD_MATCH = YES;
				"CODE_SIGN_IDENTITY[sdk=iphoneos*]" = "iPhone Developer";
				COPY_PHASE_STRIP = NO;
				ENABLE_STRICT_OBJC_MSGSEND = YES;
				GCC_C_LANGUAGE_STANDARD = gnu99;
				GCC_DYNAMIC_NO_PIC = NO;
				GCC_OPTIMIZATION_LEVEL = 0;
				GCC_PREPROCESSOR_DEFINITIONS = (
					"DEBUG=1",
					"$(inherited)",
				);
				GCC_SYMBOLS_PRIVATE_EXTERN = NO;
				GCC_WARN_64_TO_32_BIT_CONVERSION = YES;
				GCC_WARN_ABOUT_RETURN_TYPE = YES_ERROR;
				GCC_WARN_UNDECLARED_SELECTOR = YES;
				GCC_WARN_UNINITIALIZED_AUTOS = YES_AGGRESSIVE;
				GCC_WARN_UNUSED_FUNCTION = YES;
				GCC_WARN_UNUSED_VARIABLE = YES;
				IPHONEOS_DEPLOYMENT_TARGET = 8.1;
				MTL_ENABLE_DEBUG_INFO = YES;
				ONLY_ACTIVE_ARCH = YES;
				SDKROOT = iphoneos;
				TARGETED_DEVICE_FAMILY = "1,2";
			};
			name = Debug;
		};
		79A565B01AD6230B000F8BB9 /* Release */ = {
			isa = XCBuildConfiguration;
			buildSettings = {
				ALWAYS_SEARCH_USER_PATHS = NO;
				CLANG_CXX_LANGUAGE_STANDARD = "gnu++0x";
				CLANG_CXX_LIBRARY = "libc++";
				CLANG_ENABLE_MODULES = YES;
				CLANG_ENABLE_OBJC_ARC = YES;
				CLANG_WARN_BOOL_CONVERSION = YES;
				CLANG_WARN_CONSTANT_CONVERSION = YES;
				CLANG_WARN_DIRECT_OBJC_ISA_USAGE = YES_ERROR;
				CLANG_WARN_EMPTY_BODY = YES;
				CLANG_WARN_ENUM_CONVERSION = YES;
				CLANG_WARN_INT_CONVERSION = YES;
				CLANG_WARN_OBJC_ROOT_CLASS = YES_ERROR;
				CLANG_WARN_UNREACHABLE_CODE = YES;
				CLANG_WARN__DUPLICATE_METHOD_MATCH = YES;
				"CODE_SIGN_IDENTITY[sdk=iphoneos*]" = "iPhone Developer";
				COPY_PHASE_STRIP = YES;
				ENABLE_NS_ASSERTIONS = NO;
				ENABLE_STRICT_OBJC_MSGSEND = YES;
				GCC_C_LANGUAGE_STANDARD = gnu99;
				GCC_WARN_64_TO_32_BIT_CONVERSION = YES;
				GCC_WARN_ABOUT_RETURN_TYPE = YES_ERROR;
				GCC_WARN_UNDECLARED_SELECTOR = YES;
				GCC_WARN_UNINITIALIZED_AUTOS = YES_AGGRESSIVE;
				GCC_WARN_UNUSED_FUNCTION = YES;
				GCC_WARN_UNUSED_VARIABLE = YES;
				IPHONEOS_DEPLOYMENT_TARGET = 8.1;
				MTL_ENABLE_DEBUG_INFO = NO;
				SDKROOT = iphoneos;
				TARGETED_DEVICE_FAMILY = "1,2";
				VALIDATE_PRODUCT = YES;
			};
			name = Release;
		};
		79A565B21AD6230B000F8BB9 /* Debug */ = {
			isa = XCBuildConfiguration;
			buildSettings = {
				ASSETCATALOG_COMPILER_APPICON_NAME = AppIcon;
				INFOPLIST_FILE = kuaiyoujiaPrj/Info.plist;
				LD_RUNPATH_SEARCH_PATHS = "$(inherited) @executable_path/Frameworks";
				PRODUCT_NAME = "$(TARGET_NAME)";
			};
			name = Debug;
		};
		79A565B31AD6230B000F8BB9 /* Release */ = {
			isa = XCBuildConfiguration;
			buildSettings = {
				ASSETCATALOG_COMPILER_APPICON_NAME = AppIcon;
				INFOPLIST_FILE = kuaiyoujiaPrj/Info.plist;
				LD_RUNPATH_SEARCH_PATHS = "$(inherited) @executable_path/Frameworks";
				PRODUCT_NAME = "$(TARGET_NAME)";
			};
			name = Release;
		};
		79A565B51AD6230B000F8BB9 /* Debug */ = {
			isa = XCBuildConfiguration;
			buildSettings = {
				BUNDLE_LOADER = "$(TEST_HOST)";
				FRAMEWORK_SEARCH_PATHS = (
					"$(SDKROOT)/Developer/Library/Frameworks",
					"$(inherited)",
				);
				GCC_PREPROCESSOR_DEFINITIONS = (
					"DEBUG=1",
					"$(inherited)",
				);
				INFOPLIST_FILE = kuaiyoujiaPrjTests/Info.plist;
				LD_RUNPATH_SEARCH_PATHS = "$(inherited) @executable_path/Frameworks @loader_path/Frameworks";
				PRODUCT_NAME = "$(TARGET_NAME)";
				TEST_HOST = "$(BUILT_PRODUCTS_DIR)/kuaiyoujiaPrj.app/kuaiyoujiaPrj";
			};
			name = Debug;
		};
		79A565B61AD6230B000F8BB9 /* Release */ = {
			isa = XCBuildConfiguration;
			buildSettings = {
				BUNDLE_LOADER = "$(TEST_HOST)";
				FRAMEWORK_SEARCH_PATHS = (
					"$(SDKROOT)/Developer/Library/Frameworks",
					"$(inherited)",
				);
				INFOPLIST_FILE = kuaiyoujiaPrjTests/Info.plist;
				LD_RUNPATH_SEARCH_PATHS = "$(inherited) @executable_path/Frameworks @loader_path/Frameworks";
				PRODUCT_NAME = "$(TARGET_NAME)";
				TEST_HOST = "$(BUILT_PRODUCTS_DIR)/kuaiyoujiaPrj.app/kuaiyoujiaPrj";
			};
			name = Release;
		};
/* End XCBuildConfiguration section */

/* Begin XCConfigurationList section */
		79A565891AD6230B000F8BB9 /* Build configuration list for PBXProject "kuaiyoujiaPrj" */ = {
			isa = XCConfigurationList;
			buildConfigurations = (
				79A565AF1AD6230B000F8BB9 /* Debug */,
				79A565B01AD6230B000F8BB9 /* Release */,
			);
			defaultConfigurationIsVisible = 0;
			defaultConfigurationName = Release;
		};
		79A565B11AD6230B000F8BB9 /* Build configuration list for PBXNativeTarget "kuaiyoujiaPrj" */ = {
			isa = XCConfigurationList;
			buildConfigurations = (
				79A565B21AD6230B000F8BB9 /* Debug */,
				79A565B31AD6230B000F8BB9 /* Release */,
			);
			defaultConfigurationIsVisible = 0;
		};
		79A565B41AD6230B000F8BB9 /* Build configuration list for PBXNativeTarget "kuaiyoujiaPrjTests" */ = {
			isa = XCConfigurationList;
			buildConfigurations = (
				79A565B51AD6230B000F8BB9 /* Debug */,
				79A565B61AD6230B000F8BB9 /* Release */,
			);
			defaultConfigurationIsVisible = 0;
		};
/* End XCConfigurationList section */
	};
	rootObject = 79A565861AD6230B000F8BB9 /* Project object */;
}
